
Microsoft Visual Studio Solution File, Format Version 12.00
# Visual Studio Version 16
VisualStudioVersion = 16.0.30104.148
MinimumVisualStudioVersion = 10.0.40219.1
Project("{9A19103F-16F7-4668-BE54-9A1E7A4F7556}") = "FinanApp.Dominio", "FinanApp.Dominio\FinanApp.Dominio.csproj", "{2E34093F-C4D6-4C7E-8681-B51126071A09}"
EndProject
Project("{9A19103F-16F7-4668-BE54-9A1E7A4F7556}") = "FinanApp.Repositorio", "FinanApp.Repositorio\FinanApp.Repositorio.csproj", "{E9838D9B-655C-43A2-9F45-DF6F0187EC38}"
EndProject
Project("{9A19103F-16F7-4668-BE54-9A1E7A4F7556}") = "FinanApp.API", "FinanApp.API\FinanApp.API.csproj", "{CF5ECDBB-0565-4BB1-80D9-FF22311A3B23}"
EndProject
Project("{FAE04EC0-301F-11D3-BF4B-00C04F79EFBC}") = "FinanAPP.Servico", "FinanAPP.Service\FinanAPP.Servico.csproj", "{8284016D-4D4B-409C-8F51-2EFEF5C1D065}"
EndProject
Global
	GlobalSection(SolutionConfigurationPlatforms) = preSolution
		Debug|Any CPU = Debug|Any CPU
		Release|Any CPU = Release|Any CPU
	EndGlobalSection
	GlobalSection(ProjectConfigurationPlatforms) = postSolution
		{2E34093F-C4D6-4C7E-8681-B51126071A09}.Debug|Any CPU.ActiveCfg = Debug|Any CPU
		{2E34093F-C4D6-4C7E-8681-B51126071A09}.Debug|Any CPU.Build.0 = Debug|Any CPU
		{2E34093F-C4D6-4C7E-8681-B51126071A09}.Release|Any CPU.ActiveCfg = Release|Any CPU
		{2E34093F-C4D6-4C7E-8681-B51126071A09}.Release|Any CPU.Build.0 = Release|Any CPU
		{E9838D9B-655C-43A2-9F45-DF6F0187EC38}.Debug|Any CPU.ActiveCfg = Debug|Any CPU
		{E9838D9B-655C-43A2-9F45-DF6F0187EC38}.Debug|Any CPU.Build.0 = Debug|Any CPU
		{E9838D9B-655C-43A2-9F45-DF6F0187EC38}.Release|Any CPU.ActiveCfg = Release|Any CPU
		{E9838D9B-655C-43A2-9F45-DF6F0187EC38}.Release|Any CPU.Build.0 = Release|Any CPU
		{CF5ECDBB-0565-4BB1-80D9-FF22311A3B23}.Debug|Any CPU.ActiveCfg = Debug|Any CPU
		{CF5ECDBB-0565-4BB1-80D9-FF22311A3B23}.Debug|Any CPU.Build.0 = Debug|Any CPU
		{CF5ECDBB-0565-4BB1-80D9-FF22311A3B23}.Release|Any CPU.ActiveCfg = Release|Any CPU
		{CF5ECDBB-0565-4BB1-80D9-FF22311A3B23}.Release|Any CPU.Build.0 = Release|Any CPU
		{8284016D-4D4B-409C-8F51-2EFEF5C1D065}.Debug|Any CPU.ActiveCfg = Debug|Any CPU
		{8284016D-4D4B-409C-8F51-2EFEF5C1D065}.Debug|Any CPU.Build.0 = Debug|Any CPU
		{8284016D-4D4B-409C-8F51-2EFEF5C1D065}.Release|Any CPU.ActiveCfg = Release|Any CPU
		{8284016D-4D4B-409C-8F51-2EFEF5C1D065}.Release|Any CPU.Build.0 = Release|Any CPU
	EndGlobalSection
	GlobalSection(SolutionProperties) = preSolution
		HideSolutionNode = FALSE
	EndGlobalSection
	GlobalSection(ExtensibilityGlobals) = postSolution
		SolutionGuid = {05EC2DB4-AD8B-445C-ABB0-67276DA6E44E}
	EndGlobalSection
EndGlobal
